
Microsoft Visual Studio Solution File, Format Version 12.00
# Visual Studio Version 17
VisualStudioVersion = 17.11.35327.3
MinimumVisualStudioVersion = 10.0.40219.1
Project("{9A19103F-16F7-4668-BE54-9A1E7A4F7556}") = "RS.CommonLibrary", "RS.CommonLibrary\RS.CommonLibrary.csproj", "{7B7917A4-A348-4992-BFC9-65687B7739C1}"
EndProject
Project("{9A19103F-16F7-4668-BE54-9A1E7A4F7556}") = "RS.ShopService", "RS.ShopService\RS.ShopService.csproj", "{8719876D-2766-4909-A798-4E87A23E31AD}"
EndProject
Project("{FAE04EC0-301F-11D3-BF4B-00C04F79EFBC}") = "RS.YarpApiGateway", "RS.YarpApiGateway\RS.YarpApiGateway.csproj", "{8C9740C4-141B-4846-A436-3AFAD585CF98}"
EndProject
Project("{E53339B2-1760-4266-BCC7-CA923CBCF16C}") = "docker-compose", "docker-compose.dcproj", "{46355801-2447-4678-97F4-9E3908A61F44}"
EndProject
Global
	GlobalSection(SolutionConfigurationPlatforms) = preSolution
		Debug|Any CPU = Debug|Any CPU
		Release|Any CPU = Release|Any CPU
	EndGlobalSection
	GlobalSection(ProjectConfigurationPlatforms) = postSolution
		{7B7917A4-A348-4992-BFC9-65687B7739C1}.Debug|Any CPU.ActiveCfg = Debug|Any CPU
		{7B7917A4-A348-4992-BFC9-65687B7739C1}.Debug|Any CPU.Build.0 = Debug|Any CPU
		{7B7917A4-A348-4992-BFC9-65687B7739C1}.Release|Any CPU.ActiveCfg = Release|Any CPU
		{7B7917A4-A348-4992-BFC9-65687B7739C1}.Release|Any CPU.Build.0 = Release|Any CPU
		{8719876D-2766-4909-A798-4E87A23E31AD}.Debug|Any CPU.ActiveCfg = Debug|Any CPU
		{8719876D-2766-4909-A798-4E87A23E31AD}.Debug|Any CPU.Build.0 = Debug|Any CPU
		{8719876D-2766-4909-A798-4E87A23E31AD}.Release|Any CPU.ActiveCfg = Release|Any CPU
		{8719876D-2766-4909-A798-4E87A23E31AD}.Release|Any CPU.Build.0 = Release|Any CPU
		{8C9740C4-141B-4846-A436-3AFAD585CF98}.Debug|Any CPU.ActiveCfg = Debug|Any CPU
		{8C9740C4-141B-4846-A436-3AFAD585CF98}.Debug|Any CPU.Build.0 = Debug|Any CPU
		{8C9740C4-141B-4846-A436-3AFAD585CF98}.Release|Any CPU.ActiveCfg = Release|Any CPU
		{8C9740C4-141B-4846-A436-3AFAD585CF98}.Release|Any CPU.Build.0 = Release|Any CPU
		{46355801-2447-4678-97F4-9E3908A61F44}.Debug|Any CPU.ActiveCfg = Debug|Any CPU
		{46355801-2447-4678-97F4-9E3908A61F44}.Debug|Any CPU.Build.0 = Debug|Any CPU
		{46355801-2447-4678-97F4-9E3908A61F44}.Release|Any CPU.ActiveCfg = Release|Any CPU
		{46355801-2447-4678-97F4-9E3908A61F44}.Release|Any CPU.Build.0 = Release|Any CPU
	EndGlobalSection
	GlobalSection(SolutionProperties) = preSolution
		HideSolutionNode = FALSE
	EndGlobalSection
	GlobalSection(ExtensibilityGlobals) = postSolution
		SolutionGuid = {CD7CDEF9-809C-4FC5-8F4C-E5C25B0C2E2A}
	EndGlobalSection
EndGlobal
